
Microsoft Visual Studio Solution File, Format Version 12.00
# Visual Studio Version 17
VisualStudioVersion = 17.14.36414.22 d17.14
MinimumVisualStudioVersion = 10.0.40219.1
Project("{FAE04EC0-301F-11D3-BF4B-00C04F79EFBC}") = "Registro_de_Jugadores", "Registro_de_Jugadores\Registro_de_Jugadores.csproj", "{4D1DEF70-50B3-4557-A1EF-D22ACDA21408}"
EndProject
Global
	GlobalSection(SolutionConfigurationPlatforms) = preSolution
		Debug|Any CPU = Debug|Any CPU
		Release|Any CPU = Release|Any CPU
	EndGlobalSection
	GlobalSection(ProjectConfigurationPlatforms) = postSolution
		{4D1DEF70-50B3-4557-A1EF-D22ACDA21408}.Debug|Any CPU.ActiveCfg = Debug|Any CPU
		{4D1DEF70-50B3-4557-A1EF-D22ACDA21408}.Debug|Any CPU.Build.0 = Debug|Any CPU
		{4D1DEF70-50B3-4557-A1EF-D22ACDA21408}.Release|Any CPU.ActiveCfg = Release|Any CPU
		{4D1DEF70-50B3-4557-A1EF-D22ACDA21408}.Release|Any CPU.Build.0 = Release|Any CPU
	EndGlobalSection
	GlobalSection(SolutionProperties) = preSolution
		HideSolutionNode = FALSE
	EndGlobalSection
	GlobalSection(ExtensibilityGlobals) = postSolution
		SolutionGuid = {5F4C2989-7400-480E-BB32-394F9C0096AE}
	EndGlobalSection
EndGlobal
